
Microsoft Visual Studio Solution File, Format Version 12.00
# Visual Studio 15
VisualStudioVersion = 15.0.28307.1927
MinimumVisualStudioVersion = 10.0.40219.1
Project("{8BC9CEB8-8B4A-11D0-8D11-00A0C91BC942}") = "bomberman", "bomberman\bomberman.vcxproj", "{B3589F31-7FFC-4C43-8BFB-91A18A72122C}"
EndProject
Project("{FAE04EC0-301F-11D3-BF4B-00C04F79EFBC}") = "MapGenerator", "MapGenerator\MapGenerator.csproj", "{3DFCD165-8BE3-4609-989E-B3AF728E1E34}"
EndProject
Global
	GlobalSection(SolutionConfigurationPlatforms) = preSolution
		Debug|Any CPU = Debug|Any CPU
		Debug|x64 = Debug|x64
		Debug|x86 = Debug|x86
		Release|Any CPU = Release|Any CPU
		Release|x64 = Release|x64
		Release|x86 = Release|x86
	EndGlobalSection
	GlobalSection(ProjectConfigurationPlatforms) = postSolution
		{B3589F31-7FFC-4C43-8BFB-91A18A72122C}.Debug|Any CPU.ActiveCfg = Debug|Win32
		{B3589F31-7FFC-4C43-8BFB-91A18A72122C}.Debug|x64.ActiveCfg = Debug|x64
		{B3589F31-7FFC-4C43-8BFB-91A18A72122C}.Debug|x64.Build.0 = Debug|x64
		{B3589F31-7FFC-4C43-8BFB-91A18A72122C}.Debug|x86.ActiveCfg = Debug|x64
		{B3589F31-7FFC-4C43-8BFB-91A18A72122C}.Debug|x86.Build.0 = Debug|x64
		{B3589F31-7FFC-4C43-8BFB-91A18A72122C}.Release|Any CPU.ActiveCfg = Release|Win32
		{B3589F31-7FFC-4C43-8BFB-91A18A72122C}.Release|x64.ActiveCfg = Debug|x64
		{B3589F31-7FFC-4C43-8BFB-91A18A72122C}.Release|x64.Build.0 = Debug|x64
		{B3589F31-7FFC-4C43-8BFB-91A18A72122C}.Release|x86.ActiveCfg = Debug|x64
		{B3589F31-7FFC-4C43-8BFB-91A18A72122C}.Release|x86.Build.0 = Debug|x64
		{3DFCD165-8BE3-4609-989E-B3AF728E1E34}.Debug|Any CPU.ActiveCfg = Debug|Any CPU
		{3DFCD165-8BE3-4609-989E-B3AF728E1E34}.Debug|Any CPU.Build.0 = Debug|Any CPU
		{3DFCD165-8BE3-4609-989E-B3AF728E1E34}.Debug|x64.ActiveCfg = Debug|Any CPU
		{3DFCD165-8BE3-4609-989E-B3AF728E1E34}.Debug|x64.Build.0 = Debug|Any CPU
		{3DFCD165-8BE3-4609-989E-B3AF728E1E34}.Debug|x86.ActiveCfg = Debug|Any CPU
		{3DFCD165-8BE3-4609-989E-B3AF728E1E34}.Debug|x86.Build.0 = Debug|Any CPU
		{3DFCD165-8BE3-4609-989E-B3AF728E1E34}.Release|Any CPU.ActiveCfg = Release|Any CPU
		{3DFCD165-8BE3-4609-989E-B3AF728E1E34}.Release|Any CPU.Build.0 = Release|Any CPU
		{3DFCD165-8BE3-4609-989E-B3AF728E1E34}.Release|x64.ActiveCfg = Release|Any CPU
		{3DFCD165-8BE3-4609-989E-B3AF728E1E34}.Release|x64.Build.0 = Release|Any CPU
		{3DFCD165-8BE3-4609-989E-B3AF728E1E34}.Release|x86.ActiveCfg = Release|Any CPU
		{3DFCD165-8BE3-4609-989E-B3AF728E1E34}.Release|x86.Build.0 = Release|Any CPU
	EndGlobalSection
	GlobalSection(SolutionProperties) = preSolution
		HideSolutionNode = FALSE
	EndGlobalSection
	GlobalSection(ExtensibilityGlobals) = postSolution
		SolutionGuid = {748F01EF-3D8C-4E5D-8336-4075A969E88A}
	EndGlobalSection
EndGlobal
